
Microsoft Visual Studio Solution File, Format Version 12.00
# Visual Studio Version 16
VisualStudioVersion = 16.0.31025.194
MinimumVisualStudioVersion = 10.0.40219.1
Project("{FAE04EC0-301F-11D3-BF4B-00C04F79EFBC}") = "WpfApp10", "WpfApp10\WpfApp10.csproj", "{0D904DAC-2706-40FC-A654-D2BF529F5C70}"
EndProject
Global
	GlobalSection(SolutionConfigurationPlatforms) = preSolution
		Debug|Any CPU = Debug|Any CPU
		Release|Any CPU = Release|Any CPU
	EndGlobalSection
	GlobalSection(ProjectConfigurationPlatforms) = postSolution
		{0D904DAC-2706-40FC-A654-D2BF529F5C70}.Debug|Any CPU.ActiveCfg = Debug|Any CPU
		{0D904DAC-2706-40FC-A654-D2BF529F5C70}.Debug|Any CPU.Build.0 = Debug|Any CPU
		{0D904DAC-2706-40FC-A654-D2BF529F5C70}.Release|Any CPU.ActiveCfg = Release|Any CPU
		{0D904DAC-2706-40FC-A654-D2BF529F5C70}.Release|Any CPU.Build.0 = Release|Any CPU
	EndGlobalSection
	GlobalSection(SolutionProperties) = preSolution
		HideSolutionNode = FALSE
	EndGlobalSection
	GlobalSection(ExtensibilityGlobals) = postSolution
		SolutionGuid = {F53DBB02-19C0-46ED-A520-BFAD0092408F}
	EndGlobalSection
EndGlobal
